
Microsoft Visual Studio Solution File, Format Version 12.00
# Visual Studio Version 17
VisualStudioVersion = 17.3.32825.248
MinimumVisualStudioVersion = 10.0.40219.1
Project("{9A19103F-16F7-4668-BE54-9A1E7A4F7556}") = "CompanyEmployees", "CompanyEmployees\CompanyEmployees.csproj", "{880D9999-1C0C-423B-8A93-8E997DD39691}"
EndProject
Project("{9A19103F-16F7-4668-BE54-9A1E7A4F7556}") = "Contracts", "Contracts\Contracts.csproj", "{06042E93-F7E4-4FB9-85FC-9BC275EAF5AA}"
EndProject
Project("{9A19103F-16F7-4668-BE54-9A1E7A4F7556}") = "LoggerService", "LoggerService\LoggerService.csproj", "{46B1E72A-C35F-43F2-9A45-26A8D68E6AAD}"
EndProject
Project("{9A19103F-16F7-4668-BE54-9A1E7A4F7556}") = "Entities", "Entities\Entities.csproj", "{F09F5093-FCA6-44A2-947A-B718D09EBE12}"
EndProject
Project("{9A19103F-16F7-4668-BE54-9A1E7A4F7556}") = "Repository", "Repository\Repository.csproj", "{CFF0E98A-5B14-4CC2-B4D5-591D4BAEE294}"
EndProject
Project("{9A19103F-16F7-4668-BE54-9A1E7A4F7556}") = "Service.Contracts", "Service.Contracts\Service.Contracts.csproj", "{97AD84AB-CC8C-441C-959B-CF007601C76C}"
EndProject
Project("{9A19103F-16F7-4668-BE54-9A1E7A4F7556}") = "Service", "Service\Service.csproj", "{B6188F99-88FF-4C67-9F1F-74D20A633BDC}"
EndProject
Project("{9A19103F-16F7-4668-BE54-9A1E7A4F7556}") = "CompanyEmployees.Presentation", "CompanyEmployees.Presentation\CompanyEmployees.Presentation.csproj", "{47B1C59C-7B68-45FD-9213-14AF2C3F2737}"
EndProject
Project("{9A19103F-16F7-4668-BE54-9A1E7A4F7556}") = "Shared", "Shared\Shared.csproj", "{065F5D93-FBC4-449B-BD72-ED654A165AEB}"
EndProject
Global
	GlobalSection(SolutionConfigurationPlatforms) = preSolution
		Debug|Any CPU = Debug|Any CPU
		Release|Any CPU = Release|Any CPU
	EndGlobalSection
	GlobalSection(ProjectConfigurationPlatforms) = postSolution
		{880D9999-1C0C-423B-8A93-8E997DD39691}.Debug|Any CPU.ActiveCfg = Debug|Any CPU
		{880D9999-1C0C-423B-8A93-8E997DD39691}.Debug|Any CPU.Build.0 = Debug|Any CPU
		{880D9999-1C0C-423B-8A93-8E997DD39691}.Release|Any CPU.ActiveCfg = Release|Any CPU
		{880D9999-1C0C-423B-8A93-8E997DD39691}.Release|Any CPU.Build.0 = Release|Any CPU
		{06042E93-F7E4-4FB9-85FC-9BC275EAF5AA}.Debug|Any CPU.ActiveCfg = Debug|Any CPU
		{06042E93-F7E4-4FB9-85FC-9BC275EAF5AA}.Debug|Any CPU.Build.0 = Debug|Any CPU
		{06042E93-F7E4-4FB9-85FC-9BC275EAF5AA}.Release|Any CPU.ActiveCfg = Release|Any CPU
		{06042E93-F7E4-4FB9-85FC-9BC275EAF5AA}.Release|Any CPU.Build.0 = Release|Any CPU
		{46B1E72A-C35F-43F2-9A45-26A8D68E6AAD}.Debug|Any CPU.ActiveCfg = Debug|Any CPU
		{46B1E72A-C35F-43F2-9A45-26A8D68E6AAD}.Debug|Any CPU.Build.0 = Debug|Any CPU
		{46B1E72A-C35F-43F2-9A45-26A8D68E6AAD}.Release|Any CPU.ActiveCfg = Release|Any CPU
		{46B1E72A-C35F-43F2-9A45-26A8D68E6AAD}.Release|Any CPU.Build.0 = Release|Any CPU
		{F09F5093-FCA6-44A2-947A-B718D09EBE12}.Debug|Any CPU.ActiveCfg = Debug|Any CPU
		{F09F5093-FCA6-44A2-947A-B718D09EBE12}.Debug|Any CPU.Build.0 = Debug|Any CPU
		{F09F5093-FCA6-44A2-947A-B718D09EBE12}.Release|Any CPU.ActiveCfg = Release|Any CPU
		{F09F5093-FCA6-44A2-947A-B718D09EBE12}.Release|Any CPU.Build.0 = Release|Any CPU
		{CFF0E98A-5B14-4CC2-B4D5-591D4BAEE294}.Debug|Any CPU.ActiveCfg = Debug|Any CPU
		{CFF0E98A-5B14-4CC2-B4D5-591D4BAEE294}.Debug|Any CPU.Build.0 = Debug|Any CPU
		{CFF0E98A-5B14-4CC2-B4D5-591D4BAEE294}.Release|Any CPU.ActiveCfg = Release|Any CPU
		{CFF0E98A-5B14-4CC2-B4D5-591D4BAEE294}.Release|Any CPU.Build.0 = Release|Any CPU
		{97AD84AB-CC8C-441C-959B-CF007601C76C}.Debug|Any CPU.ActiveCfg = Debug|Any CPU
		{97AD84AB-CC8C-441C-959B-CF007601C76C}.Debug|Any CPU.Build.0 = Debug|Any CPU
		{97AD84AB-CC8C-441C-959B-CF007601C76C}.Release|Any CPU.ActiveCfg = Release|Any CPU
		{97AD84AB-CC8C-441C-959B-CF007601C76C}.Release|Any CPU.Build.0 = Release|Any CPU
		{B6188F99-88FF-4C67-9F1F-74D20A633BDC}.Debug|Any CPU.ActiveCfg = Debug|Any CPU
		{B6188F99-88FF-4C67-9F1F-74D20A633BDC}.Debug|Any CPU.Build.0 = Debug|Any CPU
		{B6188F99-88FF-4C67-9F1F-74D20A633BDC}.Release|Any CPU.ActiveCfg = Release|Any CPU
		{B6188F99-88FF-4C67-9F1F-74D20A633BDC}.Release|Any CPU.Build.0 = Release|Any CPU
		{47B1C59C-7B68-45FD-9213-14AF2C3F2737}.Debug|Any CPU.ActiveCfg = Debug|Any CPU
		{47B1C59C-7B68-45FD-9213-14AF2C3F2737}.Debug|Any CPU.Build.0 = Debug|Any CPU
		{47B1C59C-7B68-45FD-9213-14AF2C3F2737}.Release|Any CPU.ActiveCfg = Release|Any CPU
		{47B1C59C-7B68-45FD-9213-14AF2C3F2737}.Release|Any CPU.Build.0 = Release|Any CPU
		{065F5D93-FBC4-449B-BD72-ED654A165AEB}.Debug|Any CPU.ActiveCfg = Debug|Any CPU
		{065F5D93-FBC4-449B-BD72-ED654A165AEB}.Debug|Any CPU.Build.0 = Debug|Any CPU
		{065F5D93-FBC4-449B-BD72-ED654A165AEB}.Release|Any CPU.ActiveCfg = Release|Any CPU
		{065F5D93-FBC4-449B-BD72-ED654A165AEB}.Release|Any CPU.Build.0 = Release|Any CPU
	EndGlobalSection
	GlobalSection(SolutionProperties) = preSolution
		HideSolutionNode = FALSE
	EndGlobalSection
	GlobalSection(ExtensibilityGlobals) = postSolution
		SolutionGuid = {C5FB0481-2F9F-43F2-B0D3-0CCACEA71F54}
	EndGlobalSection
EndGlobal
